
Microsoft Visual Studio Solution File, Format Version 12.00
# Visual Studio Version 17
VisualStudioVersion = 17.9.34902.65
MinimumVisualStudioVersion = 10.0.40219.1
Project("{FAE04EC0-301F-11D3-BF4B-00C04F79EFBC}") = "net-il-mio-fotoalbum", "net-il-mio-fotoalbum\net-il-mio-fotoalbum.csproj", "{6171552D-6A03-45FC-8105-30EFB4B29E75}"
EndProject
Global
	GlobalSection(SolutionConfigurationPlatforms) = preSolution
		Debug|Any CPU = Debug|Any CPU
		Release|Any CPU = Release|Any CPU
	EndGlobalSection
	GlobalSection(ProjectConfigurationPlatforms) = postSolution
		{6171552D-6A03-45FC-8105-30EFB4B29E75}.Debug|Any CPU.ActiveCfg = Debug|Any CPU
		{6171552D-6A03-45FC-8105-30EFB4B29E75}.Debug|Any CPU.Build.0 = Debug|Any CPU
		{6171552D-6A03-45FC-8105-30EFB4B29E75}.Release|Any CPU.ActiveCfg = Release|Any CPU
		{6171552D-6A03-45FC-8105-30EFB4B29E75}.Release|Any CPU.Build.0 = Release|Any CPU
	EndGlobalSection
	GlobalSection(SolutionProperties) = preSolution
		HideSolutionNode = FALSE
	EndGlobalSection
	GlobalSection(ExtensibilityGlobals) = postSolution
		SolutionGuid = {D77626CC-13F8-4AD4-8B64-2B51828D23C7}
	EndGlobalSection
EndGlobal
